
Microsoft Visual Studio Solution File, Format Version 12.00
# Visual Studio 15
VisualStudioVersion = 15.0.28010.0
MinimumVisualStudioVersion = 10.0.40219.1
Project("{FAE04EC0-301F-11D3-BF4B-00C04F79EFBC}") = "ConsoleByVal", "ConsoleByVal\ConsoleByVal.csproj", "{33A747EE-0D2B-4A22-8D8A-6767B204EE3B}"
EndProject
Project("{FAE04EC0-301F-11D3-BF4B-00C04F79EFBC}") = "ConsoleByRef", "ConsoleByRef\ConsoleByRef.csproj", "{0FEB4425-B20B-4615-A861-317311E66C7D}"
EndProject
Project("{FAE04EC0-301F-11D3-BF4B-00C04F79EFBC}") = "ConsoleOutput", "ConsoleOutput\ConsoleOutput.csproj", "{8497E593-BB31-477C-8938-3168A5CC2DEA}"
EndProject
Global
	GlobalSection(SolutionConfigurationPlatforms) = preSolution
		Debug|Any CPU = Debug|Any CPU
		Release|Any CPU = Release|Any CPU
	EndGlobalSection
	GlobalSection(ProjectConfigurationPlatforms) = postSolution
		{33A747EE-0D2B-4A22-8D8A-6767B204EE3B}.Debug|Any CPU.ActiveCfg = Debug|Any CPU
		{33A747EE-0D2B-4A22-8D8A-6767B204EE3B}.Debug|Any CPU.Build.0 = Debug|Any CPU
		{33A747EE-0D2B-4A22-8D8A-6767B204EE3B}.Release|Any CPU.ActiveCfg = Release|Any CPU
		{33A747EE-0D2B-4A22-8D8A-6767B204EE3B}.Release|Any CPU.Build.0 = Release|Any CPU
		{0FEB4425-B20B-4615-A861-317311E66C7D}.Debug|Any CPU.ActiveCfg = Debug|Any CPU
		{0FEB4425-B20B-4615-A861-317311E66C7D}.Debug|Any CPU.Build.0 = Debug|Any CPU
		{0FEB4425-B20B-4615-A861-317311E66C7D}.Release|Any CPU.ActiveCfg = Release|Any CPU
		{0FEB4425-B20B-4615-A861-317311E66C7D}.Release|Any CPU.Build.0 = Release|Any CPU
		{8497E593-BB31-477C-8938-3168A5CC2DEA}.Debug|Any CPU.ActiveCfg = Debug|Any CPU
		{8497E593-BB31-477C-8938-3168A5CC2DEA}.Debug|Any CPU.Build.0 = Debug|Any CPU
		{8497E593-BB31-477C-8938-3168A5CC2DEA}.Release|Any CPU.ActiveCfg = Release|Any CPU
		{8497E593-BB31-477C-8938-3168A5CC2DEA}.Release|Any CPU.Build.0 = Release|Any CPU
	EndGlobalSection
	GlobalSection(SolutionProperties) = preSolution
		HideSolutionNode = FALSE
	EndGlobalSection
	GlobalSection(ExtensibilityGlobals) = postSolution
		SolutionGuid = {677175AB-09DB-4B3E-A81F-BEE01328D3B0}
	EndGlobalSection
EndGlobal
